
Microsoft Visual Studio Solution File, Format Version 12.00
# Visual Studio 15
VisualStudioVersion = 15.0.28307.421
MinimumVisualStudioVersion = 10.0.40219.1
Project("{2150E333-8FDC-42A3-9474-1A3956D46DE8}") = "1_demo", "1_demo", "{7B890719-0E31-4408-8FAB-7FC9CCB45E50}"
EndProject
Project("{2150E333-8FDC-42A3-9474-1A3956D46DE8}") = "0_thirdparty", "0_thirdparty", "{E398A759-D20C-43B3-9467-8CA7EC78CDD9}"
EndProject
Project("{8BC9CEB8-8B4A-11D0-8D11-00A0C91BC942}") = "libogg", "thirdparty\ogg-1.3.5\libogg.vcxproj", "{C8BC3784-D513-3C6B-B3DE-C809F8E36324}"
EndProject
Project("{8BC9CEB8-8B4A-11D0-8D11-00A0C91BC942}") = "libtheora", "thirdparty\theora-1.1.1\libtheora.vcxproj", "{653F3841-3F26-49B9-AFCF-091DB4B67031}"
EndProject
Project("{2150E333-8FDC-42A3-9474-1A3956D46DE8}") = "examples", "examples", "{9CBF58C2-94D2-4E42-90D0-8397E49C883D}"
EndProject
Project("{8BC9CEB8-8B4A-11D0-8D11-00A0C91BC942}") = "dump_video", "demo\examples\dump_video.vcxproj", "{1A8CA99D-B6C7-48CB-B263-6CECDADF5FBF}"
	ProjectSection(ProjectDependencies) = postProject
		{CBA57C31-6A64-4B51-B22E-5B820B021322} = {CBA57C31-6A64-4B51-B22E-5B820B021322}
		{653F3841-3F26-49B9-AFCF-091DB4B67031} = {653F3841-3F26-49B9-AFCF-091DB4B67031}
		{C8BC3784-D513-3C6B-B3DE-C809F8E36324} = {C8BC3784-D513-3C6B-B3DE-C809F8E36324}
	EndProjectSection
EndProject
Project("{8BC9CEB8-8B4A-11D0-8D11-00A0C91BC942}") = "encoder_example", "demo\examples\encoder_example.vcxproj", "{AD710263-EBFA-4388-BAA9-AD73C32AFF26}"
	ProjectSection(ProjectDependencies) = postProject
		{554C1615-6CD3-3678-8439-27F9963CC56F} = {554C1615-6CD3-3678-8439-27F9963CC56F}
		{CBA57C31-6A64-4B51-B22E-5B820B021322} = {CBA57C31-6A64-4B51-B22E-5B820B021322}
		{653F3841-3F26-49B9-AFCF-091DB4B67031} = {653F3841-3F26-49B9-AFCF-091DB4B67031}
		{C8BC3784-D513-3C6B-B3DE-C809F8E36324} = {C8BC3784-D513-3C6B-B3DE-C809F8E36324}
	EndProjectSection
EndProject
Project("{8BC9CEB8-8B4A-11D0-8D11-00A0C91BC942}") = "libgetopt", "thirdparty\getopt\libgetopt.vcxproj", "{CBA57C31-6A64-4B51-B22E-5B820B021322}"
EndProject
Project("{8BC9CEB8-8B4A-11D0-8D11-00A0C91BC942}") = "vorbis", "thirdparty\vorbis-1.3.7\vorbis.vcxproj", "{554C1615-6CD3-3678-8439-27F9963CC56F}"
EndProject
Project("{2150E333-8FDC-42A3-9474-1A3956D46DE8}") = "transcoder", "transcoder", "{85539807-6A69-4212-88AF-C3744FD9655F}"
EndProject
Project("{8BC9CEB8-8B4A-11D0-8D11-00A0C91BC942}") = "transcoder_example", "demo\transcoder\transcoder_example.vcxproj", "{5E99839B-DDDB-4210-A1D1-0AEE99B5EFB9}"
	ProjectSection(ProjectDependencies) = postProject
		{554C1615-6CD3-3678-8439-27F9963CC56F} = {554C1615-6CD3-3678-8439-27F9963CC56F}
		{CBA57C31-6A64-4B51-B22E-5B820B021322} = {CBA57C31-6A64-4B51-B22E-5B820B021322}
		{653F3841-3F26-49B9-AFCF-091DB4B67031} = {653F3841-3F26-49B9-AFCF-091DB4B67031}
		{4602337A-67D4-4952-BB97-0022910D6B95} = {4602337A-67D4-4952-BB97-0022910D6B95}
		{C8BC3784-D513-3C6B-B3DE-C809F8E36324} = {C8BC3784-D513-3C6B-B3DE-C809F8E36324}
	EndProjectSection
EndProject
Project("{8BC9CEB8-8B4A-11D0-8D11-00A0C91BC942}") = "theora", "thirdparty\theora-1.1.1\theora.vcxproj", "{4602337A-67D4-4952-BB97-0022910D6B95}"
EndProject
Project("{2150E333-8FDC-42A3-9474-1A3956D46DE8}") = "0_lib", "0_lib", "{561BA994-7800-4A78-A4AF-40ED497E7124}"
EndProject
Project("{2150E333-8FDC-42A3-9474-1A3956D46DE8}") = "1_dll", "1_dll", "{DAF95276-6B27-4E14-8F73-BC2CD4F69A67}"
EndProject
Project("{8BC9CEB8-8B4A-11D0-8D11-00A0C91BC942}") = "libvorbis", "thirdparty\vorbis-1.3.7\libvorbis.vcxproj", "{D3651D5B-65D6-407A-80C1-66BB4326DD81}"
EndProject
Global
	GlobalSection(SolutionConfigurationPlatforms) = preSolution
		Debug|x64 = Debug|x64
		Release|x64 = Release|x64
	EndGlobalSection
	GlobalSection(ProjectConfigurationPlatforms) = postSolution
		{C8BC3784-D513-3C6B-B3DE-C809F8E36324}.Debug|x64.ActiveCfg = Debug|x64
		{C8BC3784-D513-3C6B-B3DE-C809F8E36324}.Debug|x64.Build.0 = Debug|x64
		{C8BC3784-D513-3C6B-B3DE-C809F8E36324}.Release|x64.ActiveCfg = Release|x64
		{C8BC3784-D513-3C6B-B3DE-C809F8E36324}.Release|x64.Build.0 = Release|x64
		{653F3841-3F26-49B9-AFCF-091DB4B67031}.Debug|x64.ActiveCfg = Debug|x64
		{653F3841-3F26-49B9-AFCF-091DB4B67031}.Debug|x64.Build.0 = Debug|x64
		{653F3841-3F26-49B9-AFCF-091DB4B67031}.Release|x64.ActiveCfg = Release|x64
		{653F3841-3F26-49B9-AFCF-091DB4B67031}.Release|x64.Build.0 = Release|x64
		{1A8CA99D-B6C7-48CB-B263-6CECDADF5FBF}.Debug|x64.ActiveCfg = Debug|x64
		{1A8CA99D-B6C7-48CB-B263-6CECDADF5FBF}.Debug|x64.Build.0 = Debug|x64
		{1A8CA99D-B6C7-48CB-B263-6CECDADF5FBF}.Release|x64.ActiveCfg = Release|x64
		{1A8CA99D-B6C7-48CB-B263-6CECDADF5FBF}.Release|x64.Build.0 = Release|x64
		{AD710263-EBFA-4388-BAA9-AD73C32AFF26}.Debug|x64.ActiveCfg = Debug|x64
		{AD710263-EBFA-4388-BAA9-AD73C32AFF26}.Debug|x64.Build.0 = Debug|x64
		{AD710263-EBFA-4388-BAA9-AD73C32AFF26}.Release|x64.ActiveCfg = Release|x64
		{AD710263-EBFA-4388-BAA9-AD73C32AFF26}.Release|x64.Build.0 = Release|x64
		{CBA57C31-6A64-4B51-B22E-5B820B021322}.Debug|x64.ActiveCfg = Debug|x64
		{CBA57C31-6A64-4B51-B22E-5B820B021322}.Debug|x64.Build.0 = Debug|x64
		{CBA57C31-6A64-4B51-B22E-5B820B021322}.Release|x64.ActiveCfg = Release|x64
		{CBA57C31-6A64-4B51-B22E-5B820B021322}.Release|x64.Build.0 = Release|x64
		{554C1615-6CD3-3678-8439-27F9963CC56F}.Debug|x64.ActiveCfg = Debug|x64
		{554C1615-6CD3-3678-8439-27F9963CC56F}.Debug|x64.Build.0 = Debug|x64
		{554C1615-6CD3-3678-8439-27F9963CC56F}.Release|x64.ActiveCfg = Release|x64
		{554C1615-6CD3-3678-8439-27F9963CC56F}.Release|x64.Build.0 = Release|x64
		{5E99839B-DDDB-4210-A1D1-0AEE99B5EFB9}.Debug|x64.ActiveCfg = Debug|x64
		{5E99839B-DDDB-4210-A1D1-0AEE99B5EFB9}.Debug|x64.Build.0 = Debug|x64
		{5E99839B-DDDB-4210-A1D1-0AEE99B5EFB9}.Release|x64.ActiveCfg = Release|x64
		{5E99839B-DDDB-4210-A1D1-0AEE99B5EFB9}.Release|x64.Build.0 = Release|x64
		{4602337A-67D4-4952-BB97-0022910D6B95}.Debug|x64.ActiveCfg = Debug|x64
		{4602337A-67D4-4952-BB97-0022910D6B95}.Debug|x64.Build.0 = Debug|x64
		{4602337A-67D4-4952-BB97-0022910D6B95}.Release|x64.ActiveCfg = Release|x64
		{4602337A-67D4-4952-BB97-0022910D6B95}.Release|x64.Build.0 = Release|x64
		{D3651D5B-65D6-407A-80C1-66BB4326DD81}.Debug|x64.ActiveCfg = Debug|x64
		{D3651D5B-65D6-407A-80C1-66BB4326DD81}.Debug|x64.Build.0 = Debug|x64
		{D3651D5B-65D6-407A-80C1-66BB4326DD81}.Release|x64.ActiveCfg = Release|x64
		{D3651D5B-65D6-407A-80C1-66BB4326DD81}.Release|x64.Build.0 = Release|x64
	EndGlobalSection
	GlobalSection(SolutionProperties) = preSolution
		HideSolutionNode = FALSE
	EndGlobalSection
	GlobalSection(NestedProjects) = preSolution
		{C8BC3784-D513-3C6B-B3DE-C809F8E36324} = {561BA994-7800-4A78-A4AF-40ED497E7124}
		{653F3841-3F26-49B9-AFCF-091DB4B67031} = {561BA994-7800-4A78-A4AF-40ED497E7124}
		{9CBF58C2-94D2-4E42-90D0-8397E49C883D} = {7B890719-0E31-4408-8FAB-7FC9CCB45E50}
		{1A8CA99D-B6C7-48CB-B263-6CECDADF5FBF} = {9CBF58C2-94D2-4E42-90D0-8397E49C883D}
		{AD710263-EBFA-4388-BAA9-AD73C32AFF26} = {9CBF58C2-94D2-4E42-90D0-8397E49C883D}
		{CBA57C31-6A64-4B51-B22E-5B820B021322} = {561BA994-7800-4A78-A4AF-40ED497E7124}
		{554C1615-6CD3-3678-8439-27F9963CC56F} = {DAF95276-6B27-4E14-8F73-BC2CD4F69A67}
		{85539807-6A69-4212-88AF-C3744FD9655F} = {7B890719-0E31-4408-8FAB-7FC9CCB45E50}
		{5E99839B-DDDB-4210-A1D1-0AEE99B5EFB9} = {85539807-6A69-4212-88AF-C3744FD9655F}
		{4602337A-67D4-4952-BB97-0022910D6B95} = {DAF95276-6B27-4E14-8F73-BC2CD4F69A67}
		{561BA994-7800-4A78-A4AF-40ED497E7124} = {E398A759-D20C-43B3-9467-8CA7EC78CDD9}
		{DAF95276-6B27-4E14-8F73-BC2CD4F69A67} = {E398A759-D20C-43B3-9467-8CA7EC78CDD9}
		{D3651D5B-65D6-407A-80C1-66BB4326DD81} = {561BA994-7800-4A78-A4AF-40ED497E7124}
	EndGlobalSection
	GlobalSection(ExtensibilityGlobals) = postSolution
		SolutionGuid = {A3118BDE-F26A-469F-BE28-EFABAC65E4E6}
	EndGlobalSection
EndGlobal
